
Microsoft Visual Studio Solution File, Format Version 12.00
# Visual Studio Version 17
VisualStudioVersion = 17.1.32319.34
MinimumVisualStudioVersion = 10.0.40219.1
Project("{FAE04EC0-301F-11D3-BF4B-00C04F79EFBC}") = "Example01.SequentialExecution", "Example01.SequentialExecution\Example01.SequentialExecution.csproj", "{DA73FF21-EDC9-4AAD-AA40-8960C691CBCE}"
EndProject
Project("{FAE04EC0-301F-11D3-BF4B-00C04F79EFBC}") = "Example02.ConcurrentExecution", "Example02.ConcurrentExecution\Example02.ConcurrentExecution.csproj", "{018D5021-7370-49A7-A0AF-C45276E2A56C}"
EndProject
Project("{FAE04EC0-301F-11D3-BF4B-00C04F79EFBC}") = "Example03.ThreadStates", "Example03.ThreadStates\Example03.ThreadStates.csproj", "{B6F48D0E-2565-4AD4-89C9-9D468F846874}"
EndProject
Project("{FAE04EC0-301F-11D3-BF4B-00C04F79EFBC}") = "Example04.RaceCondition", "Example04.RaceCondition\Example04.RaceCondition.csproj", "{E7077257-4F9A-496F-AD66-459D8508BEA2}"
EndProject
Project("{FAE04EC0-301F-11D3-BF4B-00C04F79EFBC}") = "Example05.Synchronization", "Example05.Locks\Example05.Synchronization.csproj", "{D915A851-CD52-4770-BDF9-4B3DBEB1C9BD}"
EndProject
Project("{FAE04EC0-301F-11D3-BF4B-00C04F79EFBC}") = "Example06.BackgroundVsForegroundThreads", "Example06.BackgroundVsForegroundThreads\Example06.BackgroundVsForegroundThreads.csproj", "{E727FF50-1F66-4277-80F2-18D6078B04FB}"
EndProject
Project("{FAE04EC0-301F-11D3-BF4B-00C04F79EFBC}") = "Example07.SyncMultithreadingVsAsyncProgramming", "Example07.SyncMultithreadingVsAsyncProgramming\Example07.SyncMultithreadingVsAsyncProgramming.csproj", "{4ED6B971-92A7-4B91-B71C-2FAFEECF2244}"
EndProject
Project("{FAE04EC0-301F-11D3-BF4B-00C04F79EFBC}") = "Example08.Deadlock", "Example08.Deadlock\Example08.Deadlock.csproj", "{3C2272D6-FF27-4370-BA31-C70D90F8535F}"
EndProject
Project("{FAE04EC0-301F-11D3-BF4B-00C04F79EFBC}") = "Example10.TaskParallelLibrary", "Example10.TaskParallelLibrary\Example10.TaskParallelLibrary.csproj", "{FF96F85F-0102-4E49-9EE4-1683D81943E0}"
EndProject
Project("{9A19103F-16F7-4668-BE54-9A1E7A4F7556}") = "Example11.TaskAndValueTaskBenchmark", "Example11.TaskAndValueTaskBenchmark\Example11.TaskAndValueTaskBenchmark.csproj", "{8EADEED0-0B95-4009-B48C-F62A5DC18551}"
EndProject
Project("{FAE04EC0-301F-11D3-BF4B-00C04F79EFBC}") = "Example12.PLINQ", "Example12.PLINQ\Example12.PLINQ.csproj", "{1E2BE90D-BE16-458A-9BCB-E81C6C7AF12F}"
EndProject
Project("{FAE04EC0-301F-11D3-BF4B-00C04F79EFBC}") = "Example14.DeadlockUI", "Example14.DeadlockUI\Example14.DeadlockUI.csproj", "{41835E80-1ADA-4C02-9571-A42C4ACA9EF9}"
EndProject
Project("{9A19103F-16F7-4668-BE54-9A1E7A4F7556}") = "Example15.AsyncVsSync", "Example15.AsyncVsSync\Example15.AsyncVsSync.csproj", "{F611940D-CDCD-4012-B6E0-64C0F11D51A5}"
EndProject
Project("{9A19103F-16F7-4668-BE54-9A1E7A4F7556}") = "TestProject1", "TestProject1\TestProject1.csproj", "{34412727-BE60-49FD-9739-0CCB570D5F0C}"
EndProject
Project("{FAE04EC0-301F-11D3-BF4B-00C04F79EFBC}") = "Example16.Volatile", "Example16.Volatile\Example16.Volatile.csproj", "{38289B42-ACAA-48FA-A88F-915AE8828EBF}"
EndProject
Project("{FAE04EC0-301F-11D3-BF4B-00C04F79EFBC}") = "QuantumTime", "QuantumTime\QuantumTime.csproj", "{C591DD2A-DFF3-4217-B2D9-7948F4F96A97}"
EndProject
Project("{FAE04EC0-301F-11D3-BF4B-00C04F79EFBC}") = "SleepVsDelay", "SleepVsDelay\SleepVsDelay.csproj", "{2300E746-3B1C-4106-B2F7-1A8968128C9A}"
EndProject
Project("{FAE04EC0-301F-11D3-BF4B-00C04F79EFBC}") = "ThreadPoolExample", "ThreadPool\ThreadPoolExample.csproj", "{66A4D64A-AD56-46D9-9CA3-CD102D003919}"
EndProject
Global
	GlobalSection(SolutionConfigurationPlatforms) = preSolution
		Debug|Any CPU = Debug|Any CPU
		Release|Any CPU = Release|Any CPU
	EndGlobalSection
	GlobalSection(ProjectConfigurationPlatforms) = postSolution
		{DA73FF21-EDC9-4AAD-AA40-8960C691CBCE}.Debug|Any CPU.ActiveCfg = Debug|Any CPU
		{DA73FF21-EDC9-4AAD-AA40-8960C691CBCE}.Debug|Any CPU.Build.0 = Debug|Any CPU
		{DA73FF21-EDC9-4AAD-AA40-8960C691CBCE}.Release|Any CPU.ActiveCfg = Release|Any CPU
		{DA73FF21-EDC9-4AAD-AA40-8960C691CBCE}.Release|Any CPU.Build.0 = Release|Any CPU
		{018D5021-7370-49A7-A0AF-C45276E2A56C}.Debug|Any CPU.ActiveCfg = Debug|Any CPU
		{018D5021-7370-49A7-A0AF-C45276E2A56C}.Debug|Any CPU.Build.0 = Debug|Any CPU
		{018D5021-7370-49A7-A0AF-C45276E2A56C}.Release|Any CPU.ActiveCfg = Release|Any CPU
		{018D5021-7370-49A7-A0AF-C45276E2A56C}.Release|Any CPU.Build.0 = Release|Any CPU
		{B6F48D0E-2565-4AD4-89C9-9D468F846874}.Debug|Any CPU.ActiveCfg = Debug|Any CPU
		{B6F48D0E-2565-4AD4-89C9-9D468F846874}.Debug|Any CPU.Build.0 = Debug|Any CPU
		{B6F48D0E-2565-4AD4-89C9-9D468F846874}.Release|Any CPU.ActiveCfg = Release|Any CPU
		{B6F48D0E-2565-4AD4-89C9-9D468F846874}.Release|Any CPU.Build.0 = Release|Any CPU
		{E7077257-4F9A-496F-AD66-459D8508BEA2}.Debug|Any CPU.ActiveCfg = Debug|Any CPU
		{E7077257-4F9A-496F-AD66-459D8508BEA2}.Debug|Any CPU.Build.0 = Debug|Any CPU
		{E7077257-4F9A-496F-AD66-459D8508BEA2}.Release|Any CPU.ActiveCfg = Release|Any CPU
		{E7077257-4F9A-496F-AD66-459D8508BEA2}.Release|Any CPU.Build.0 = Release|Any CPU
		{D915A851-CD52-4770-BDF9-4B3DBEB1C9BD}.Debug|Any CPU.ActiveCfg = Debug|Any CPU
		{D915A851-CD52-4770-BDF9-4B3DBEB1C9BD}.Debug|Any CPU.Build.0 = Debug|Any CPU
		{D915A851-CD52-4770-BDF9-4B3DBEB1C9BD}.Release|Any CPU.ActiveCfg = Release|Any CPU
		{D915A851-CD52-4770-BDF9-4B3DBEB1C9BD}.Release|Any CPU.Build.0 = Release|Any CPU
		{E727FF50-1F66-4277-80F2-18D6078B04FB}.Debug|Any CPU.ActiveCfg = Debug|Any CPU
		{E727FF50-1F66-4277-80F2-18D6078B04FB}.Debug|Any CPU.Build.0 = Debug|Any CPU
		{E727FF50-1F66-4277-80F2-18D6078B04FB}.Release|Any CPU.ActiveCfg = Release|Any CPU
		{E727FF50-1F66-4277-80F2-18D6078B04FB}.Release|Any CPU.Build.0 = Release|Any CPU
		{4ED6B971-92A7-4B91-B71C-2FAFEECF2244}.Debug|Any CPU.ActiveCfg = Debug|Any CPU
		{4ED6B971-92A7-4B91-B71C-2FAFEECF2244}.Debug|Any CPU.Build.0 = Debug|Any CPU
		{4ED6B971-92A7-4B91-B71C-2FAFEECF2244}.Release|Any CPU.ActiveCfg = Release|Any CPU
		{4ED6B971-92A7-4B91-B71C-2FAFEECF2244}.Release|Any CPU.Build.0 = Release|Any CPU
		{3C2272D6-FF27-4370-BA31-C70D90F8535F}.Debug|Any CPU.ActiveCfg = Debug|Any CPU
		{3C2272D6-FF27-4370-BA31-C70D90F8535F}.Debug|Any CPU.Build.0 = Debug|Any CPU
		{3C2272D6-FF27-4370-BA31-C70D90F8535F}.Release|Any CPU.ActiveCfg = Release|Any CPU
		{3C2272D6-FF27-4370-BA31-C70D90F8535F}.Release|Any CPU.Build.0 = Release|Any CPU
		{FF96F85F-0102-4E49-9EE4-1683D81943E0}.Debug|Any CPU.ActiveCfg = Debug|Any CPU
		{FF96F85F-0102-4E49-9EE4-1683D81943E0}.Debug|Any CPU.Build.0 = Debug|Any CPU
		{FF96F85F-0102-4E49-9EE4-1683D81943E0}.Release|Any CPU.ActiveCfg = Release|Any CPU
		{FF96F85F-0102-4E49-9EE4-1683D81943E0}.Release|Any CPU.Build.0 = Release|Any CPU
		{8EADEED0-0B95-4009-B48C-F62A5DC18551}.Debug|Any CPU.ActiveCfg = Debug|Any CPU
		{8EADEED0-0B95-4009-B48C-F62A5DC18551}.Debug|Any CPU.Build.0 = Debug|Any CPU
		{8EADEED0-0B95-4009-B48C-F62A5DC18551}.Release|Any CPU.ActiveCfg = Release|Any CPU
		{8EADEED0-0B95-4009-B48C-F62A5DC18551}.Release|Any CPU.Build.0 = Release|Any CPU
		{1E2BE90D-BE16-458A-9BCB-E81C6C7AF12F}.Debug|Any CPU.ActiveCfg = Debug|Any CPU
		{1E2BE90D-BE16-458A-9BCB-E81C6C7AF12F}.Debug|Any CPU.Build.0 = Debug|Any CPU
		{1E2BE90D-BE16-458A-9BCB-E81C6C7AF12F}.Release|Any CPU.ActiveCfg = Release|Any CPU
		{1E2BE90D-BE16-458A-9BCB-E81C6C7AF12F}.Release|Any CPU.Build.0 = Release|Any CPU
		{41835E80-1ADA-4C02-9571-A42C4ACA9EF9}.Debug|Any CPU.ActiveCfg = Debug|Any CPU
		{41835E80-1ADA-4C02-9571-A42C4ACA9EF9}.Debug|Any CPU.Build.0 = Debug|Any CPU
		{41835E80-1ADA-4C02-9571-A42C4ACA9EF9}.Release|Any CPU.ActiveCfg = Release|Any CPU
		{41835E80-1ADA-4C02-9571-A42C4ACA9EF9}.Release|Any CPU.Build.0 = Release|Any CPU
		{F611940D-CDCD-4012-B6E0-64C0F11D51A5}.Debug|Any CPU.ActiveCfg = Debug|Any CPU
		{F611940D-CDCD-4012-B6E0-64C0F11D51A5}.Debug|Any CPU.Build.0 = Debug|Any CPU
		{F611940D-CDCD-4012-B6E0-64C0F11D51A5}.Release|Any CPU.ActiveCfg = Release|Any CPU
		{F611940D-CDCD-4012-B6E0-64C0F11D51A5}.Release|Any CPU.Build.0 = Release|Any CPU
		{34412727-BE60-49FD-9739-0CCB570D5F0C}.Debug|Any CPU.ActiveCfg = Debug|Any CPU
		{34412727-BE60-49FD-9739-0CCB570D5F0C}.Debug|Any CPU.Build.0 = Debug|Any CPU
		{34412727-BE60-49FD-9739-0CCB570D5F0C}.Release|Any CPU.ActiveCfg = Release|Any CPU
		{34412727-BE60-49FD-9739-0CCB570D5F0C}.Release|Any CPU.Build.0 = Release|Any CPU
		{38289B42-ACAA-48FA-A88F-915AE8828EBF}.Debug|Any CPU.ActiveCfg = Debug|Any CPU
		{38289B42-ACAA-48FA-A88F-915AE8828EBF}.Debug|Any CPU.Build.0 = Debug|Any CPU
		{38289B42-ACAA-48FA-A88F-915AE8828EBF}.Release|Any CPU.ActiveCfg = Release|Any CPU
		{38289B42-ACAA-48FA-A88F-915AE8828EBF}.Release|Any CPU.Build.0 = Release|Any CPU
		{C591DD2A-DFF3-4217-B2D9-7948F4F96A97}.Debug|Any CPU.ActiveCfg = Debug|Any CPU
		{C591DD2A-DFF3-4217-B2D9-7948F4F96A97}.Debug|Any CPU.Build.0 = Debug|Any CPU
		{C591DD2A-DFF3-4217-B2D9-7948F4F96A97}.Release|Any CPU.ActiveCfg = Release|Any CPU
		{C591DD2A-DFF3-4217-B2D9-7948F4F96A97}.Release|Any CPU.Build.0 = Release|Any CPU
		{2300E746-3B1C-4106-B2F7-1A8968128C9A}.Debug|Any CPU.ActiveCfg = Debug|Any CPU
		{2300E746-3B1C-4106-B2F7-1A8968128C9A}.Debug|Any CPU.Build.0 = Debug|Any CPU
		{2300E746-3B1C-4106-B2F7-1A8968128C9A}.Release|Any CPU.ActiveCfg = Release|Any CPU
		{2300E746-3B1C-4106-B2F7-1A8968128C9A}.Release|Any CPU.Build.0 = Release|Any CPU
		{66A4D64A-AD56-46D9-9CA3-CD102D003919}.Debug|Any CPU.ActiveCfg = Debug|Any CPU
		{66A4D64A-AD56-46D9-9CA3-CD102D003919}.Debug|Any CPU.Build.0 = Debug|Any CPU
		{66A4D64A-AD56-46D9-9CA3-CD102D003919}.Release|Any CPU.ActiveCfg = Release|Any CPU
		{66A4D64A-AD56-46D9-9CA3-CD102D003919}.Release|Any CPU.Build.0 = Release|Any CPU
	EndGlobalSection
	GlobalSection(SolutionProperties) = preSolution
		HideSolutionNode = FALSE
	EndGlobalSection
	GlobalSection(ExtensibilityGlobals) = postSolution
		SolutionGuid = {6E770D98-0D51-4697-B629-813E72072D81}
	EndGlobalSection
EndGlobal
